
Microsoft Visual Studio Solution File, Format Version 12.00
# Visual Studio Version 17
VisualStudioVersion = 17.3.32825.248
MinimumVisualStudioVersion = 10.0.40219.1
Project("{9A19103F-16F7-4668-BE54-9A1E7A4F7556}") = "GeneticSharp.Domain", "GeneticSharp.Domain\GeneticSharp.Domain.csproj", "{C76DC1AD-FC7E-4168-BD19-101FF84A43F7}"
EndProject
Project("{9A19103F-16F7-4668-BE54-9A1E7A4F7556}") = "GeneticSharp.Domain.UnitTests", "GeneticSharp.Domain.UnitTests\GeneticSharp.Domain.UnitTests.csproj", "{E415AA4F-C497-4908-96FC-CBA4F7604892}"
EndProject
Project("{9A19103F-16F7-4668-BE54-9A1E7A4F7556}") = "GeneticSharp.Runner.ConsoleApp", "GeneticSharp.Runner.ConsoleApp\GeneticSharp.Runner.ConsoleApp.csproj", "{A8BF51F3-7574-4AB3-BEF2-5C38E5AA0341}"
EndProject
Project("{9A19103F-16F7-4668-BE54-9A1E7A4F7556}") = "GeneticSharp.Infrastructure.Framework", "GeneticSharp.Infrastructure.Framework\GeneticSharp.Infrastructure.Framework.csproj", "{1498D792-D02B-4A9E-8AFC-24AEBA0DEE54}"
EndProject
Project("{9A19103F-16F7-4668-BE54-9A1E7A4F7556}") = "GeneticSharp.Infrastructure.Framework.UnitTests", "GeneticSharp.Infrastructure.Framework.UnitTests\GeneticSharp.Infrastructure.Framework.UnitTests.csproj", "{B1FCAE1D-305C-4357-B104-F75DF5C53582}"
EndProject
Project("{9A19103F-16F7-4668-BE54-9A1E7A4F7556}") = "GeneticSharp.Extensions", "GeneticSharp.Extensions\GeneticSharp.Extensions.csproj", "{699AF592-1E11-4084-B87E-9AC72ED7861B}"
EndProject
Project("{9A19103F-16F7-4668-BE54-9A1E7A4F7556}") = "GeneticSharp.Extensions.UnitTests", "GeneticSharp.Extensions.UnitTests\GeneticSharp.Extensions.UnitTests.csproj", "{7A40EB21-E80F-4FD6-9503-A76D83B0620D}"
EndProject
Project("{9A19103F-16F7-4668-BE54-9A1E7A4F7556}") = "GeneticSharp.Runner.GtkApp", "GeneticSharp.Runner.GtkApp\GeneticSharp.Runner.GtkApp.csproj", "{3B5D7E7E-28B3-490E-AFF0-A231F246A963}"
EndProject
Project("{9A19103F-16F7-4668-BE54-9A1E7A4F7556}") = "GeneticSharp.Benchmarks", "GeneticSharp.Benchmarks\GeneticSharp.Benchmarks.csproj", "{10697C20-79EF-4E03-981D-0497864DAE4B}"
EndProject
Project("{FAE04EC0-301F-11D3-BF4B-00C04F79EFBC}") = "GeneticSharp.Runner.MauiApp", "GeneticSharp.Runner.MauiApp\GeneticSharp.Runner.MauiApp.csproj", "{85CF3ACE-5A05-4965-8F85-5BD4CDC7882D}"
EndProject
Global
	GlobalSection(SolutionConfigurationPlatforms) = preSolution
		Debug|Any CPU = Debug|Any CPU
		Release|Any CPU = Release|Any CPU
	EndGlobalSection
	GlobalSection(ProjectConfigurationPlatforms) = postSolution
		{C76DC1AD-FC7E-4168-BD19-101FF84A43F7}.Debug|Any CPU.ActiveCfg = Debug|Any CPU
		{C76DC1AD-FC7E-4168-BD19-101FF84A43F7}.Debug|Any CPU.Build.0 = Debug|Any CPU
		{C76DC1AD-FC7E-4168-BD19-101FF84A43F7}.Release|Any CPU.ActiveCfg = Release|Any CPU
		{C76DC1AD-FC7E-4168-BD19-101FF84A43F7}.Release|Any CPU.Build.0 = Release|Any CPU
		{E415AA4F-C497-4908-96FC-CBA4F7604892}.Debug|Any CPU.ActiveCfg = Debug|Any CPU
		{E415AA4F-C497-4908-96FC-CBA4F7604892}.Debug|Any CPU.Build.0 = Debug|Any CPU
		{E415AA4F-C497-4908-96FC-CBA4F7604892}.Release|Any CPU.ActiveCfg = Release|Any CPU
		{E415AA4F-C497-4908-96FC-CBA4F7604892}.Release|Any CPU.Build.0 = Release|Any CPU
		{A8BF51F3-7574-4AB3-BEF2-5C38E5AA0341}.Debug|Any CPU.ActiveCfg = Debug|Any CPU
		{A8BF51F3-7574-4AB3-BEF2-5C38E5AA0341}.Debug|Any CPU.Build.0 = Debug|Any CPU
		{A8BF51F3-7574-4AB3-BEF2-5C38E5AA0341}.Release|Any CPU.ActiveCfg = Release|Any CPU
		{A8BF51F3-7574-4AB3-BEF2-5C38E5AA0341}.Release|Any CPU.Build.0 = Release|Any CPU
		{1498D792-D02B-4A9E-8AFC-24AEBA0DEE54}.Debug|Any CPU.ActiveCfg = Debug|Any CPU
		{1498D792-D02B-4A9E-8AFC-24AEBA0DEE54}.Debug|Any CPU.Build.0 = Debug|Any CPU
		{1498D792-D02B-4A9E-8AFC-24AEBA0DEE54}.Release|Any CPU.ActiveCfg = Release|Any CPU
		{1498D792-D02B-4A9E-8AFC-24AEBA0DEE54}.Release|Any CPU.Build.0 = Release|Any CPU
		{B1FCAE1D-305C-4357-B104-F75DF5C53582}.Debug|Any CPU.ActiveCfg = Debug|Any CPU
		{B1FCAE1D-305C-4357-B104-F75DF5C53582}.Debug|Any CPU.Build.0 = Debug|Any CPU
		{B1FCAE1D-305C-4357-B104-F75DF5C53582}.Release|Any CPU.ActiveCfg = Release|Any CPU
		{B1FCAE1D-305C-4357-B104-F75DF5C53582}.Release|Any CPU.Build.0 = Release|Any CPU
		{699AF592-1E11-4084-B87E-9AC72ED7861B}.Debug|Any CPU.ActiveCfg = Debug|Any CPU
		{699AF592-1E11-4084-B87E-9AC72ED7861B}.Debug|Any CPU.Build.0 = Debug|Any CPU
		{699AF592-1E11-4084-B87E-9AC72ED7861B}.Release|Any CPU.ActiveCfg = Release|Any CPU
		{699AF592-1E11-4084-B87E-9AC72ED7861B}.Release|Any CPU.Build.0 = Release|Any CPU
		{7A40EB21-E80F-4FD6-9503-A76D83B0620D}.Debug|Any CPU.ActiveCfg = Debug|Any CPU
		{7A40EB21-E80F-4FD6-9503-A76D83B0620D}.Debug|Any CPU.Build.0 = Debug|Any CPU
		{7A40EB21-E80F-4FD6-9503-A76D83B0620D}.Release|Any CPU.ActiveCfg = Release|Any CPU
		{7A40EB21-E80F-4FD6-9503-A76D83B0620D}.Release|Any CPU.Build.0 = Release|Any CPU
		{3B5D7E7E-28B3-490E-AFF0-A231F246A963}.Debug|Any CPU.ActiveCfg = Debug|Any CPU
		{3B5D7E7E-28B3-490E-AFF0-A231F246A963}.Debug|Any CPU.Build.0 = Debug|Any CPU
		{3B5D7E7E-28B3-490E-AFF0-A231F246A963}.Release|Any CPU.ActiveCfg = Release|Any CPU
		{3B5D7E7E-28B3-490E-AFF0-A231F246A963}.Release|Any CPU.Build.0 = Release|Any CPU
		{10697C20-79EF-4E03-981D-0497864DAE4B}.Debug|Any CPU.ActiveCfg = Debug|Any CPU
		{10697C20-79EF-4E03-981D-0497864DAE4B}.Debug|Any CPU.Build.0 = Debug|Any CPU
		{10697C20-79EF-4E03-981D-0497864DAE4B}.Release|Any CPU.ActiveCfg = Release|Any CPU
		{10697C20-79EF-4E03-981D-0497864DAE4B}.Release|Any CPU.Build.0 = Release|Any CPU
		{85CF3ACE-5A05-4965-8F85-5BD4CDC7882D}.Debug|Any CPU.ActiveCfg = Debug|Any CPU
		{85CF3ACE-5A05-4965-8F85-5BD4CDC7882D}.Debug|Any CPU.Build.0 = Debug|Any CPU
		{85CF3ACE-5A05-4965-8F85-5BD4CDC7882D}.Debug|Any CPU.Deploy.0 = Debug|Any CPU
		{85CF3ACE-5A05-4965-8F85-5BD4CDC7882D}.Release|Any CPU.ActiveCfg = Release|Any CPU
		{85CF3ACE-5A05-4965-8F85-5BD4CDC7882D}.Release|Any CPU.Build.0 = Release|Any CPU
		{85CF3ACE-5A05-4965-8F85-5BD4CDC7882D}.Release|Any CPU.Deploy.0 = Release|Any CPU
	EndGlobalSection
	GlobalSection(SolutionProperties) = preSolution
		HideSolutionNode = FALSE
	EndGlobalSection
	GlobalSection(ExtensibilityGlobals) = postSolution
		SolutionGuid = {C629B516-5C9C-41B6-88F0-FB525FBE86B3}
	EndGlobalSection
	GlobalSection(MonoDevelopProperties) = preSolution
		version = 1.2.0
		Policies = $0
		$0.DotNetNamingPolicy = $1
		$1.DirectoryNamespaceAssociation = PrefixedHierarchical
	EndGlobalSection
EndGlobal
